
Microsoft Visual Studio Solution File, Format Version 12.00
# Visual Studio Version 17
VisualStudioVersion = 17.5.002.0
MinimumVisualStudioVersion = 10.0.40219.1
Project("{9A19103F-16F7-4668-BE54-9A1E7A4F7556}") = "task1", "task1\task1.csproj", "{70E15DF0-F7ED-4317-97B0-2A504A475B2D}"
EndProject
Project("{9A19103F-16F7-4668-BE54-9A1E7A4F7556}") = "task11", "task11\task11.csproj", "{DCD32F46-1C21-4821-B407-E115B86BCE31}"
EndProject
Project("{9A19103F-16F7-4668-BE54-9A1E7A4F7556}") = "task12", "task12\task12.csproj", "{743ABB31-F18A-4DFA-8BF8-D72D949638B2}"
EndProject
Global
	GlobalSection(SolutionConfigurationPlatforms) = preSolution
		Debug|Any CPU = Debug|Any CPU
		Release|Any CPU = Release|Any CPU
	EndGlobalSection
	GlobalSection(ProjectConfigurationPlatforms) = postSolution
		{70E15DF0-F7ED-4317-97B0-2A504A475B2D}.Debug|Any CPU.ActiveCfg = Debug|Any CPU
		{70E15DF0-F7ED-4317-97B0-2A504A475B2D}.Debug|Any CPU.Build.0 = Debug|Any CPU
		{70E15DF0-F7ED-4317-97B0-2A504A475B2D}.Release|Any CPU.ActiveCfg = Release|Any CPU
		{70E15DF0-F7ED-4317-97B0-2A504A475B2D}.Release|Any CPU.Build.0 = Release|Any CPU
		{DCD32F46-1C21-4821-B407-E115B86BCE31}.Debug|Any CPU.ActiveCfg = Debug|Any CPU
		{DCD32F46-1C21-4821-B407-E115B86BCE31}.Debug|Any CPU.Build.0 = Debug|Any CPU
		{DCD32F46-1C21-4821-B407-E115B86BCE31}.Release|Any CPU.ActiveCfg = Release|Any CPU
		{DCD32F46-1C21-4821-B407-E115B86BCE31}.Release|Any CPU.Build.0 = Release|Any CPU
		{743ABB31-F18A-4DFA-8BF8-D72D949638B2}.Debug|Any CPU.ActiveCfg = Debug|Any CPU
		{743ABB31-F18A-4DFA-8BF8-D72D949638B2}.Debug|Any CPU.Build.0 = Debug|Any CPU
		{743ABB31-F18A-4DFA-8BF8-D72D949638B2}.Release|Any CPU.ActiveCfg = Release|Any CPU
		{743ABB31-F18A-4DFA-8BF8-D72D949638B2}.Release|Any CPU.Build.0 = Release|Any CPU
	EndGlobalSection
	GlobalSection(SolutionProperties) = preSolution
		HideSolutionNode = FALSE
	EndGlobalSection
	GlobalSection(ExtensibilityGlobals) = postSolution
		SolutionGuid = {0E6A456D-099D-49F8-A502-4A465FD38879}
	EndGlobalSection
EndGlobal
